
Microsoft Visual Studio Solution File, Format Version 12.00
# Visual Studio Version 17
VisualStudioVersion = 17.5.33414.496
MinimumVisualStudioVersion = 10.0.40219.1
Project("{FAE04EC0-301F-11D3-BF4B-00C04F79EFBC}") = "C#Test", "C#Test\C#Test.csproj", "{495D7F63-F96D-4902-BFD5-471B032401B7}"
EndProject
Global
	GlobalSection(SolutionConfigurationPlatforms) = preSolution
		Debug|Any CPU = Debug|Any CPU
		Release|Any CPU = Release|Any CPU
	EndGlobalSection
	GlobalSection(ProjectConfigurationPlatforms) = postSolution
		{495D7F63-F96D-4902-BFD5-471B032401B7}.Debug|Any CPU.ActiveCfg = Debug|Any CPU
		{495D7F63-F96D-4902-BFD5-471B032401B7}.Debug|Any CPU.Build.0 = Debug|Any CPU
		{495D7F63-F96D-4902-BFD5-471B032401B7}.Release|Any CPU.ActiveCfg = Release|Any CPU
		{495D7F63-F96D-4902-BFD5-471B032401B7}.Release|Any CPU.Build.0 = Release|Any CPU
	EndGlobalSection
	GlobalSection(SolutionProperties) = preSolution
		HideSolutionNode = FALSE
	EndGlobalSection
	GlobalSection(ExtensibilityGlobals) = postSolution
		SolutionGuid = {D0D9B4B4-F6EA-4B8B-B471-619BD1872BB0}
	EndGlobalSection
EndGlobal
